{
  "name": "modpat",
  "lockfileVersion": 3,
  "requires": true,
  "packages": {
    "": {
      "name": "modpat",
      "dependencies": {
        "@duckdb/node-api": "^1.4.4-r.1",
        "@kmamal/gpu": "^0.2.1",
        "@types/node": "^25.3.0",
        "typescript": "^5.9.3"
      },
      "devDependencies": {
        "@webgpu/types": "^0.1.69"
      }
    },
    "node_modules/@duckdb/node-api": {
      "version": "1.4.4-r.1",
      "resolved": "https://registry.npmjs.org/@duckdb/node-api/-/node-api-1.4.4-r.1.tgz",
      "integrity": "sha512-oqaH9DXTJNwyLkd2FgJwmSnWVqjB5irbESeTeNVMBnM03iRaNY545BhfBDumu1TnOV2koIdG1mNsmjgq/ZTIkA==",
      "license": "MIT",
      "dependencies": {
        "@duckdb/node-bindings": "1.4.4-r.1"
      }
    },
    "node_modules/@duckdb/node-bindings": {
      "version": "1.4.4-r.1",
      "resolved": "https://registry.npmjs.org/@duckdb/node-bindings/-/node-bindings-1.4.4-r.1.tgz",
      "integrity": "sha512-NFm0AMrK3kiVLQhgnGUEjX5c8Elm93dYePZ9BUCvvd0AVVTKEBeRhBp9afziuzP3Sl5+7XQ1TyaBLsZJKKBDBQ==",
      "license": "MIT",
      "optionalDependencies": {
        "@duckdb/node-bindings-darwin-arm64": "1.4.4-r.1",
        "@duckdb/node-bindings-darwin-x64": "1.4.4-r.1",
        "@duckdb/node-bindings-linux-arm64": "1.4.4-r.1",
        "@duckdb/node-bindings-linux-x64": "1.4.4-r.1",
        "@duckdb/node-bindings-win32-x64": "1.4.4-r.1"
      }
    },
    "node_modules/@duckdb/node-bindings-darwin-arm64": {
      "version": "1.4.4-r.1",
      "resolved": "https://registry.npmjs.org/@duckdb/node-bindings-darwin-arm64/-/node-bindings-darwin-arm64-1.4.4-r.1.tgz",
      "integrity": "sha512-/NtbkCgCAOJDxw41XvSGV/mxQAlsx+2xUvhIVUj6fxoOfTG4jTttRhuphwE3EXNoWzJOjZxCZ5LwhC/qb6ZwLg==",
      "cpu": [
        "arm64"
      ],
      "license": "MIT",
      "optional": true,
      "os": [
        "darwin"
      ]
    },
    "node_modules/@duckdb/node-bindings-darwin-x64": {
      "version": "1.4.4-r.1",
      "resolved": "https://registry.npmjs.org/@duckdb/node-bindings-darwin-x64/-/node-bindings-darwin-x64-1.4.4-r.1.tgz",
      "integrity": "sha512-lzFRDrZwc1EoV513vmKufasiAQ2WlhEb0O6guRBarbvOKKVhRb8tQ5H7LPVTrIewjTI3XDgHrnK+vfh9L+xQcA==",
      "cpu": [
        "x64"
      ],
      "license": "MIT",
      "optional": true,
      "os": [
        "darwin"
      ]
    },
    "node_modules/@duckdb/node-bindings-linux-arm64": {
      "version": "1.4.4-r.1",
      "resolved": "https://registry.npmjs.org/@duckdb/node-bindings-linux-arm64/-/node-bindings-linux-arm64-1.4.4-r.1.tgz",
      "integrity": "sha512-wq92/EcTiOTRW1RSDOwjeLyMMXWwNVNwU21TQdfu3sgS86+Ih3raaK68leDgY5cWgf72We3J2W7HYz8GwxcMYw==",
      "cpu": [
        "arm64"
      ],
      "license": "MIT",
      "optional": true,
      "os": [
        "linux"
      ]
    },
    "node_modules/@duckdb/node-bindings-linux-x64": {
      "version": "1.4.4-r.1",
      "resolved": "https://registry.npmjs.org/@duckdb/node-bindings-linux-x64/-/node-bindings-linux-x64-1.4.4-r.1.tgz",
      "integrity": "sha512-fjYNc+t4/T7mhzZ57oJoIQaWvbYVvxhidcNNansQFiWnd6/JMLCULd4qnt8XI3Tt2BrZsraH690KSBIS3QPt0w==",
      "cpu": [
        "x64"
      ],
      "license": "MIT",
      "optional": true,
      "os": [
        "linux"
      ]
    },
    "node_modules/@duckdb/node-bindings-win32-x64": {
      "version": "1.4.4-r.1",
      "resolved": "https://registry.npmjs.org/@duckdb/node-bindings-win32-x64/-/node-bindings-win32-x64-1.4.4-r.1.tgz",
      "integrity": "sha512-+J+MUYGvYWfX0balWToDIy3CBYg7hHI0KQUQ39+SniinXlMF8+puRW6ebyQ+AXrcrKkwuj4wzJuEBD0AdhHGtw==",
      "cpu": [
        "x64"
      ],
      "license": "MIT",
      "optional": true,
      "os": [
        "win32"
      ]
    },
    "node_modules/@isaacs/fs-minipass": {
      "version": "4.0.1",
      "resolved": "https://registry.npmjs.org/@isaacs/fs-minipass/-/fs-minipass-4.0.1.tgz",
      "integrity": "sha512-wgm9Ehl2jpeqP3zw/7mo3kRHFp5MEDhqAdwy1fTGkHAwnkGOVsgpvQhL8B5n1qlb01jV3n/bI0ZfZp5lWA1k4w==",
      "license": "ISC",
      "dependencies": {
        "minipass": "^7.0.4"
      },
      "engines": {
        "node": ">=18.0.0"
      }
    },
    "node_modules/@kmamal/gpu": {
      "version": "0.2.1",
      "resolved": "https://registry.npmjs.org/@kmamal/gpu/-/gpu-0.2.1.tgz",
      "integrity": "sha512-7dVQZ98w3nZRG7wJnDofh+KgRGVkHo5o1Hr9glPghFw9f+tf8yioGEasR8Riiq5IeB1fhhfDOMTl5ve1T/44Qg==",
      "hasInstallScript": true,
      "license": "MIT",
      "dependencies": {
        "tar": "^7.4.3"
      }
    },
    "node_modules/@types/node": {
      "version": "25.3.0",
      "resolved": "https://registry.npmjs.org/@types/node/-/node-25.3.0.tgz",
      "integrity": "sha512-4K3bqJpXpqfg2XKGK9bpDTc6xO/xoUP/RBWS7AtRMug6zZFaRekiLzjVtAoZMquxoAbzBvy5nxQ7veS5eYzf8A==",
      "license": "MIT",
      "dependencies": {
        "undici-types": "~7.18.0"
      }
    },
    "node_modules/@webgpu/types": {
      "version": "0.1.69",
      "resolved": "https://registry.npmjs.org/@webgpu/types/-/types-0.1.69.tgz",
      "integrity": "sha512-RPmm6kgRbI8e98zSD3RVACvnuktIja5+yLgDAkTmxLr90BEwdTXRQWNLF3ETTTyH/8mKhznZuN5AveXYFEsMGQ==",
      "dev": true,
      "license": "BSD-3-Clause"
    },
    "node_modules/chownr": {
      "version": "3.0.0",
      "resolved": "https://registry.npmjs.org/chownr/-/chownr-3.0.0.tgz",
      "integrity": "sha512-+IxzY9BZOQd/XuYPRmrvEVjF/nqj5kgT4kEq7VofrDoM1MxoRjEWkrCC3EtLi59TVawxTAn+orJwFQcrqEN1+g==",
      "license": "BlueOak-1.0.0",
      "engines": {
        "node": ">=18"
      }
    },
    "node_modules/minipass": {
      "version": "7.1.3",
      "resolved": "https://registry.npmjs.org/minipass/-/minipass-7.1.3.tgz",
      "integrity": "sha512-tEBHqDnIoM/1rXME1zgka9g6Q2lcoCkxHLuc7ODJ5BxbP5d4c2Z5cGgtXAku59200Cx7diuHTOYfSBD8n6mm8A==",
      "license": "BlueOak-1.0.0",
      "engines": {
        "node": ">=16 || 14 >=14.17"
      }
    },
    "node_modules/minizlib": {
      "version": "3.1.0",
      "resolved": "https://registry.npmjs.org/minizlib/-/minizlib-3.1.0.tgz",
      "integrity": "sha512-KZxYo1BUkWD2TVFLr0MQoM8vUUigWD3LlD83a/75BqC+4qE0Hb1Vo5v1FgcfaNXvfXzr+5EhQ6ing/CaBijTlw==",
      "license": "MIT",
      "dependencies": {
        "minipass": "^7.1.2"
      },
      "engines": {
        "node": ">= 18"
      }
    },
    "node_modules/tar": {
      "version": "7.5.9",
      "resolved": "https://registry.npmjs.org/tar/-/tar-7.5.9.tgz",
      "integrity": "sha512-BTLcK0xsDh2+PUe9F6c2TlRp4zOOBMTkoQHQIWSIzI0R7KG46uEwq4OPk2W7bZcprBMsuaeFsqwYr7pjh6CuHg==",
      "license": "BlueOak-1.0.0",
      "dependencies": {
        "@isaacs/fs-minipass": "^4.0.0",
        "chownr": "^3.0.0",
        "minipass": "^7.1.2",
        "minizlib": "^3.1.0",
        "yallist": "^5.0.0"
      },
      "engines": {
        "node": ">=18"
      }
    },
    "node_modules/typescript": {
      "version": "5.9.3",
      "resolved": "https://registry.npmjs.org/typescript/-/typescript-5.9.3.tgz",
      "integrity": "sha512-jl1vZzPDinLr9eUt3J/t7V6FgNEw9QjvBPdysz9KfQDD41fQrC2Y4vKQdiaUpFT4bXlb1RHhLpp8wtm6M5TgSw==",
      "license": "Apache-2.0",
      "bin": {
        "tsc": "bin/tsc",
        "tsserver": "bin/tsserver"
      },
      "engines": {
        "node": ">=14.17"
      }
    },
    "node_modules/undici-types": {
      "version": "7.18.2",
      "resolved": "https://registry.npmjs.org/undici-types/-/undici-types-7.18.2.tgz",
      "integrity": "sha512-AsuCzffGHJybSaRrmr5eHr81mwJU3kjw6M+uprWvCXiNeN9SOGwQ3Jn8jb8m3Z6izVgknn1R0FTCEAP2QrLY/w==",
      "license": "MIT"
    },
    "node_modules/yallist": {
      "version": "5.0.0",
      "resolved": "https://registry.npmjs.org/yallist/-/yallist-5.0.0.tgz",
      "integrity": "sha512-YgvUTfwqyc7UXVMrB+SImsVYSmTS8X/tSrtdNZMImM+n7+QTriRXyXim0mBrTXNeqzVF0KWGgHPeiyViFFrNDw==",
      "license": "BlueOak-1.0.0",
      "engines": {
        "node": ">=18"
      }
    }
  }
}
